// !$*UTF8*$!
{
	archiveVersion = 1;
	classes = {
	};
	objectVersion = 56;
	objects = {

/* Begin PBXBuildFile section */
		7019FD4E2ADA551E000A07E1 /* A.wav in Resources */ = {isa = PBXBuildFile; fileRef = 7019FD472ADA551E000A07E1 /* A.wav */; };
		7019FD4F2ADA551E000A07E1 /* C.wav in Resources */ = {isa = PBXBuildFile; fileRef = 7019FD482ADA551E000A07E1 /* C.wav */; };
		7019FD502ADA551E000A07E1 /* B.wav in Resources */ = {isa = PBXBuildFile; fileRef = 7019FD492ADA551E000A07E1 /* B.wav */; };
		7019FD512ADA551E000A07E1 /* F.wav in Resources */ = {isa = PBXBuildFile; fileRef = 7019FD4A2ADA551E000A07E1 /* F.wav */; };
		7019FD522ADA551E000A07E1 /* G.wav in Resources */ = {isa = PBXBuildFile; fileRef = 7019FD4B2ADA551E000A07E1 /* G.wav */; };
		7019FD532ADA551E000A07E1 /* E.wav in Resources */ = {isa = PBXBuildFile; fileRef = 7019FD4C2ADA551E000A07E1 /* E.wav */; };
		7019FD542ADA551E000A07E1 /* D.wav in Resources */ = {isa = PBXBuildFile; fileRef = 7019FD4D2ADA551E000A07E1 /* D.wav */; };
		70DC60692AD50CA3003A21F9 /* AppDelegate.swift in Sources */ = {isa = PBXBuildFile; fileRef = 70DC60682AD50CA3003A21F9 /* AppDelegate.swift */; };
		70DC606B2AD50CA3003A21F9 /* SceneDelegate.swift in Sources */ = {isa = PBXBuildFile; fileRef = 70DC606A2AD50CA3003A21F9 /* SceneDelegate.swift */; };
		70DC606D2AD50CA3003A21F9 /* ViewController.swift in Sources */ = {isa = PBXBuildFile; fileRef = 70DC606C2AD50CA3003A21F9 /* ViewController.swift */; };
		70DC60702AD50CA3003A21F9 /* Main.storyboard in Resources */ = {isa = PBXBuildFile; fileRef = 70DC606E2AD50CA3003A21F9 /* Main.storyboard */; };
		70DC60722AD50CAA003A21F9 /* Assets.xcassets in Resources */ = {isa = PBXBuildFile; fileRef = 70DC60712AD50CAA003A21F9 /* Assets.xcassets */; };
		70DC60752AD50CAA003A21F9 /* LaunchScreen.storyboard in Resources */ = {isa = PBXBuildFile; fileRef = 70DC60732AD50CAA003A21F9 /* LaunchScreen.storyboard */; };
/* End PBXBuildFile section */

/* Begin PBXFileReference section */
		7019FD472ADA551E000A07E1 /* A.wav */ = {isa = PBXFileReference; lastKnownFileType = audio.wav; path = A.wav; sourceTree = "<group>"; };
		7019FD482ADA551E000A07E1 /* C.wav */ = {isa = PBXFileReference; lastKnownFileType = audio.wav; path = C.wav; sourceTree = "<group>"; };
		7019FD492ADA551E000A07E1 /* B.wav */ = {isa = PBXFileReference; lastKnownFileType = audio.wav; path = B.wav; sourceTree = "<group>"; };
		7019FD4A2ADA551E000A07E1 /* F.wav */ = {isa = PBXFileReference; lastKnownFileType = audio.wav; path = F.wav; sourceTree = "<group>"; };
		7019FD4B2ADA551E000A07E1 /* G.wav */ = {isa = PBXFileReference; lastKnownFileType = audio.wav; path = G.wav; sourceTree = "<group>"; };
		7019FD4C2ADA551E000A07E1 /* E.wav */ = {isa = PBXFileReference; lastKnownFileType = audio.wav; path = E.wav; sourceTree = "<group>"; };
		7019FD4D2ADA551E000A07E1 /* D.wav */ = {isa = PBXFileReference; lastKnownFileType = audio.wav; path = D.wav; sourceTree = "<group>"; };
		70DC60652AD50CA3003A21F9 /* Xylophone.app */ = {isa = PBXFileReference; explicitFileType = wrapper.application; includeInIndex = 0; path = Xylophone.app; sourceTree = BUILT_PRODUCTS_DIR; };
		70DC60682AD50CA3003A21F9 /* AppDelegate.swift */ = {isa = PBXFileReference; lastKnownFileType = sourcecode.swift; path = AppDelegate.swift; sourceTree = "<group>"; };
		70DC606A2AD50CA3003A21F9 /* SceneDelegate.swift */ = {isa = PBXFileReference; lastKnownFileType = sourcecode.swift; path = SceneDelegate.swift; sourceTree = "<group>"; };
		70DC606C2AD50CA3003A21F9 /* ViewController.swift */ = {isa = PBXFileReference; lastKnownFileType = sourcecode.swift; path = ViewController.swift; sourceTree = "<group>"; };
		70DC606F2AD50CA3003A21F9 /* Base */ = {isa = PBXFileReference; lastKnownFileType = file.storyboard; name = Base; path = Base.lproj/Main.storyboard; sourceTree = "<group>"; };
		70DC60712AD50CAA003A21F9 /* Assets.xcassets */ = {isa = PBXFileReference; lastKnownFileType = folder.assetcatalog; path = Assets.xcassets; sourceTree = "<group>"; };
		70DC60742AD50CAA003A21F9 /* Base */ = {isa = PBXFileReference; lastKnownFileType = file.storyboard; name = Base; path = Base.lproj/LaunchScreen.storyboard; sourceTree = "<group>"; };
		70DC60762AD50CAA003A21F9 /* Info.plist */ = {isa = PBXFileReference; lastKnownFileType = text.plist.xml; path = Info.plist; sourceTree = "<group>"; };
/* End PBXFileReference section */

/* Begin PBXFrameworksBuildPhase section */
		70DC60622AD50CA3003A21F9 /* Frameworks */ = {
			isa = PBXFrameworksBuildPhase;
			buildActionMask = 2147483647;
			files = (
			);
			runOnlyForDeploymentPostprocessing = 0;
		};
/* End PBXFrameworksBuildPhase section */

/* Begin PBXGroup section */
		7019FD462ADA551E000A07E1 /* Sounds */ = {
			isa = PBXGroup;
			children = (
				7019FD472ADA551E000A07E1 /* A.wav */,
				7019FD482ADA551E000A07E1 /* C.wav */,
				7019FD492ADA551E000A07E1 /* B.wav */,
				7019FD4A2ADA551E000A07E1 /* F.wav */,
				7019FD4B2ADA551E000A07E1 /* G.wav */,
				7019FD4C2ADA551E000A07E1 /* E.wav */,
				7019FD4D2ADA551E000A07E1 /* D.wav */,
			);
			path = Sounds;
			sourceTree = "<group>";
		};
		70DC605C2AD50CA3003A21F9 = {
			isa = PBXGroup;
			children = (
				70DC60672AD50CA3003A21F9 /* Xylophone */,
				70DC60662AD50CA3003A21F9 /* Products */,
			);
			sourceTree = "<group>";
		};
		70DC60662AD50CA3003A21F9 /* Products */ = {
			isa = PBXGroup;
			children = (
				70DC60652AD50CA3003A21F9 /* Xylophone.app */,
			);
			name = Products;
			sourceTree = "<group>";
		};
		70DC60672AD50CA3003A21F9 /* Xylophone */ = {
			isa = PBXGroup;
			children = (
				7019FD462ADA551E000A07E1 /* Sounds */,
				70DC60682AD50CA3003A21F9 /* AppDelegate.swift */,
				70DC606A2AD50CA3003A21F9 /* SceneDelegate.swift */,
				70DC606C2AD50CA3003A21F9 /* ViewController.swift */,
				70DC606E2AD50CA3003A21F9 /* Main.storyboard */,
				70DC60712AD50CAA003A21F9 /* Assets.xcassets */,
				70DC60732AD50CAA003A21F9 /* LaunchScreen.storyboard */,
				70DC60762AD50CAA003A21F9 /* Info.plist */,
			);
			path = Xylophone;
			sourceTree = "<group>";
		};
/* End PBXGroup section */

/* Begin PBXNativeTarget section */
		70DC60642AD50CA3003A21F9 /* Xylophone */ = {
			isa = PBXNativeTarget;
			buildConfigurationList = 70DC60792AD50CAA003A21F9 /* Build configuration list for PBXNativeTarget "Xylophone" */;
			buildPhases = (
				70DC60612AD50CA3003A21F9 /* Sources */,
				70DC60622AD50CA3003A21F9 /* Frameworks */,
				70DC60632AD50CA3003A21F9 /* Resources */,
			);
			buildRules = (
			);
			dependencies = (
			);
			name = Xylophone;
			productName = Xylophone;
			productReference = 70DC60652AD50CA3003A21F9 /* Xylophone.app */;
			productType = "com.apple.product-type.application";
		};
/* End PBXNativeTarget section */

/* Begin PBXProject section */
		70DC605D2AD50CA3003A21F9 /* Project object */ = {
			isa = PBXProject;
			attributes = {
				BuildIndependentTargetsInParallel = 1;
				LastSwiftUpdateCheck = 1430;
				LastUpgradeCheck = 1430;
				TargetAttributes = {
					70DC60642AD50CA3003A21F9 = {
						CreatedOnToolsVersion = 14.3;
					};
				};
			};
			buildConfigurationList = 70DC60602AD50CA3003A21F9 /* Build configuration list for PBXProject "Xylophone" */;
			compatibilityVersion = "Xcode 14.0";
			developmentRegion = en;
			hasScannedForEncodings = 0;
			knownRegions = (
				en,
				Base,
			);
			mainGroup = 70DC605C2AD50CA3003A21F9;
			productRefGroup = 70DC60662AD50CA3003A21F9 /* Products */;
			projectDirPath = "";
			projectRoot = "";
			targets = (
				70DC60642AD50CA3003A21F9 /* Xylophone */,
			);
		};
/* End PBXProject section */

/* Begin PBXResourcesBuildPhase section */
		70DC60632AD50CA3003A21F9 /* Resources */ = {
			isa = PBXResourcesBuildPhase;
			buildActionMask = 2147483647;
			files = (
				7019FD522ADA551E000A07E1 /* G.wav in Resources */,
				70DC60752AD50CAA003A21F9 /* LaunchScreen.storyboard in Resources */,
				7019FD512ADA551E000A07E1 /* F.wav in Resources */,
				70DC60722AD50CAA003A21F9 /* Assets.xcassets in Resources */,
				7019FD4E2ADA551E000A07E1 /* A.wav in Resources */,
				7019FD502ADA551E000A07E1 /* B.wav in Resources */,
				7019FD532ADA551E000A07E1 /* E.wav in Resources */,
				7019FD542ADA551E000A07E1 /* D.wav in Resources */,
				70DC60702AD50CA3003A21F9 /* Main.storyboard in Resources */,
				7019FD4F2ADA551E000A07E1 /* C.wav in Resources */,
			);
			runOnlyForDeploymentPostprocessing = 0;
		};
/* End PBXResourcesBuildPhase section */

/* Begin PBXSourcesBuildPhase section */
		70DC60612AD50CA3003A21F9 /* Sources */ = {
			isa = PBXSourcesBuildPhase;
			buildActionMask = 2147483647;
			files = (
				70DC606D2AD50CA3003A21F9 /* ViewController.swift in Sources */,
				70DC60692AD50CA3003A21F9 /* AppDelegate.swift in Sources */,
				70DC606B2AD50CA3003A21F9 /* SceneDelegate.swift in Sources */,
			);
			runOnlyForDeploymentPostprocessing = 0;
		};
/* End PBXSourcesBuildPhase section */

/* Begin PBXVariantGroup section */
		70DC606E2AD50CA3003A21F9 /* Main.storyboard */ = {
			isa = PBXVariantGroup;
			children = (
				70DC606F2AD50CA3003A21F9 /* Base */,
			);
			name = Main.storyboard;
			sourceTree = "<group>";
		};
		70DC60732AD50CAA003A21F9 /* LaunchScreen.storyboard */ = {
			isa = PBXVariantGroup;
			children = (
				70DC60742AD50CAA003A21F9 /* Base */,
			);
			name = LaunchScreen.storyboard;
			sourceTree = "<group>";
		};
/* End PBXVariantGroup section */

/* Begin XCBuildConfiguration section */
		70DC60772AD50CAA003A21F9 /* Debug */ = {
			isa = XCBuildConfiguration;
			buildSettings = {
				ALWAYS_SEARCH_USER_PATHS = NO;
				CLANG_ANALYZER_NONNULL = YES;
				CLANG_ANALYZER_NUMBER_OBJECT_CONVERSION = YES_AGGRESSIVE;
				CLANG_CXX_LANGUAGE_STANDARD = "gnu++20";
				CLANG_ENABLE_MODULES = YES;
				CLANG_ENABLE_OBJC_ARC = YES;
				CLANG_ENABLE_OBJC_WEAK = YES;
				CLANG_WARN_BLOCK_CAPTURE_AUTORELEASING = YES;
				CLANG_WARN_BOOL_CONVERSION = YES;
				CLANG_WARN_COMMA = YES;
				CLANG_WARN_CONSTANT_CONVERSION = YES;
				CLANG_WARN_DEPRECATED_OBJC_IMPLEMENTATIONS = YES;
				CLANG_WARN_DIRECT_OBJC_ISA_USAGE = YES_ERROR;
				CLANG_WARN_DOCUMENTATION_COMMENTS = YES;
				CLANG_WARN_EMPTY_BODY = YES;
				CLANG_WARN_ENUM_CONVERSION = YES;
				CLANG_WARN_INFINITE_RECURSION = YES;
				CLANG_WARN_INT_CONVERSION = YES;
				CLANG_WARN_NON_LITERAL_NULL_CONVERSION = YES;
				CLANG_WARN_OBJC_IMPLICIT_RETAIN_SELF = YES;
				CLANG_WARN_OBJC_LITERAL_CONVERSION = YES;
				CLANG_WARN_OBJC_ROOT_CLASS = YES_ERROR;
				CLANG_WARN_QUOTED_INCLUDE_IN_FRAMEWORK_HEADER = YES;
				CLANG_WARN_RANGE_LOOP_ANALYSIS = YES;
				CLANG_WARN_STRICT_PROTOTYPES = YES;
				CLANG_WARN_SUSPICIOUS_MOVE = YES;
				CLANG_WARN_UNGUARDED_AVAILABILITY = YES_AGGRESSIVE;
				CLANG_WARN_UNREACHABLE_CODE = YES;
				CLANG_WARN__DUPLICATE_METHOD_MATCH = YES;
				COPY_PHASE_STRIP = NO;
				DEBUG_INFORMATION_FORMAT = dwarf;
				ENABLE_STRICT_OBJC_MSGSEND = YES;
				ENABLE_TESTABILITY = YES;
				GCC_C_LANGUAGE_STANDARD = gnu11;
				GCC_DYNAMIC_NO_PIC = NO;
				GCC_NO_COMMON_BLOCKS = YES;
				GCC_OPTIMIZATION_LEVEL = 0;
				GCC_PREPROCESSOR_DEFINITIONS = (
					"DEBUG=1",
					"$(inherited)",
				);
				GCC_WARN_64_TO_32_BIT_CONVERSION = YES;
				GCC_WARN_ABOUT_RETURN_TYPE = YES_ERROR;
				GCC_WARN_UNDECLARED_SELECTOR = YES;
				GCC_WARN_UNINITIALIZED_AUTOS = YES_AGGRESSIVE;
				GCC_WARN_UNUSED_FUNCTION = YES;
				GCC_WARN_UNUSED_VARIABLE = YES;
				IPHONEOS_DEPLOYMENT_TARGET = 16.4;
				MTL_ENABLE_DEBUG_INFO = INCLUDE_SOURCE;
				MTL_FAST_MATH = YES;
				ONLY_ACTIVE_ARCH = YES;
				SDKROOT = iphoneos;
				SWIFT_ACTIVE_COMPILATION_CONDITIONS = DEBUG;
				SWIFT_OPTIMIZATION_LEVEL = "-Onone";
			};
			name = Debug;
		};
		70DC60782AD50CAA003A21F9 /* Release */ = {
			isa = XCBuildConfiguration;
			buildSettings = {
				ALWAYS_SEARCH_USER_PATHS = NO;
				CLANG_ANALYZER_NONNULL = YES;
				CLANG_ANALYZER_NUMBER_OBJECT_CONVERSION = YES_AGGRESSIVE;
				CLANG_CXX_LANGUAGE_STANDARD = "gnu++20";
				CLANG_ENABLE_MODULES = YES;
				CLANG_ENABLE_OBJC_ARC = YES;
				CLANG_ENABLE_OBJC_WEAK = YES;
				CLANG_WARN_BLOCK_CAPTURE_AUTORELEASING = YES;
				CLANG_WARN_BOOL_CONVERSION = YES;
				CLANG_WARN_COMMA = YES;
				CLANG_WARN_CONSTANT_CONVERSION = YES;
				CLANG_WARN_DEPRECATED_OBJC_IMPLEMENTATIONS = YES;
				CLANG_WARN_DIRECT_OBJC_ISA_USAGE = YES_ERROR;
				CLANG_WARN_DOCUMENTATION_COMMENTS = YES;
				CLANG_WARN_EMPTY_BODY = YES;
				CLANG_WARN_ENUM_CONVERSION = YES;
				CLANG_WARN_INFINITE_RECURSION = YES;
				CLANG_WARN_INT_CONVERSION = YES;
				CLANG_WARN_NON_LITERAL_NULL_CONVERSION = YES;
				CLANG_WARN_OBJC_IMPLICIT_RETAIN_SELF = YES;
				CLANG_WARN_OBJC_LITERAL_CONVERSION = YES;
				CLANG_WARN_OBJC_ROOT_CLASS = YES_ERROR;
				CLANG_WARN_QUOTED_INCLUDE_IN_FRAMEWORK_HEADER = YES;
				CLANG_WARN_RANGE_LOOP_ANALYSIS = YES;
				CLANG_WARN_STRICT_PROTOTYPES = YES;
				CLANG_WARN_SUSPICIOUS_MOVE = YES;
				CLANG_WARN_UNGUARDED_AVAILABILITY = YES_AGGRESSIVE;
				CLANG_WARN_UNREACHABLE_CODE = YES;
				CLANG_WARN__DUPLICATE_METHOD_MATCH = YES;
				COPY_PHASE_STRIP = NO;
				DEBUG_INFORMATION_FORMAT = "dwarf-with-dsym";
				ENABLE_NS_ASSERTIONS = NO;
				ENABLE_STRICT_OBJC_MSGSEND = YES;
				GCC_C_LANGUAGE_STANDARD = gnu11;
				GCC_NO_COMMON_BLOCKS = YES;
				GCC_WARN_64_TO_32_BIT_CONVERSION = YES;
				GCC_WARN_ABOUT_RETURN_TYPE = YES_ERROR;
				GCC_WARN_UNDECLARED_SELECTOR = YES;
				GCC_WARN_UNINITIALIZED_AUTOS = YES_AGGRESSIVE;
				GCC_WARN_UNUSED_FUNCTION = YES;
				GCC_WARN_UNUSED_VARIABLE = YES;
				IPHONEOS_DEPLOYMENT_TARGET = 16.4;
				MTL_ENABLE_DEBUG_INFO = NO;
				MTL_FAST_MATH = YES;
				SDKROOT = iphoneos;
				SWIFT_COMPILATION_MODE = wholemodule;
				SWIFT_OPTIMIZATION_LEVEL = "-O";
				VALIDATE_PRODUCT = YES;
			};
			name = Release;
		};
		70DC607A2AD50CAA003A21F9 /* Debug */ = {
			isa = XCBuildConfiguration;
			buildSettings = {
				ASSETCATALOG_COMPILER_APPICON_NAME = AppIcon;
				ASSETCATALOG_COMPILER_GLOBAL_ACCENT_COLOR_NAME = AccentColor;
				CODE_SIGN_STYLE = Automatic;
				CURRENT_PROJECT_VERSION = 1;
				GENERATE_INFOPLIST_FILE = YES;
				INFOPLIST_FILE = Xylophone/Info.plist;
				INFOPLIST_KEY_UIApplicationSupportsIndirectInputEvents = YES;
				INFOPLIST_KEY_UILaunchStoryboardName = LaunchScreen;
				INFOPLIST_KEY_UIMainStoryboardFile = Main;
				INFOPLIST_KEY_UISupportedInterfaceOrientations_iPad = "UIInterfaceOrientationPortrait UIInterfaceOrientationPortraitUpsideDown UIInterfaceOrientationLandscapeLeft UIInterfaceOrientationLandscapeRight";
				INFOPLIST_KEY_UISupportedInterfaceOrientations_iPhone = "UIInterfaceOrientationPortrait UIInterfaceOrientationLandscapeLeft UIInterfaceOrientationLandscapeRight";
				LD_RUNPATH_SEARCH_PATHS = (
					"$(inherited)",
					"@executable_path/Frameworks",
				);
				MARKETING_VERSION = 1.0;
				PRODUCT_BUNDLE_IDENTIFIER = com.surajky.Xylophone;
				PRODUCT_NAME = "$(TARGET_NAME)";
				SWIFT_EMIT_LOC_STRINGS = YES;
				SWIFT_VERSION = 5.0;
				TARGETED_DEVICE_FAMILY = "1,2";
			};
			name = Debug;
		};
		70DC607B2AD50CAA003A21F9 /* Release */ = {
			isa = XCBuildConfiguration;
			buildSettings = {
				ASSETCATALOG_COMPILER_APPICON_NAME = AppIcon;
				ASSETCATALOG_COMPILER_GLOBAL_ACCENT_COLOR_NAME = AccentColor;
				CODE_SIGN_STYLE = Automatic;
				CURRENT_PROJECT_VERSION = 1;
				GENERATE_INFOPLIST_FILE = YES;
				INFOPLIST_FILE = Xylophone/Info.plist;
				INFOPLIST_KEY_UIApplicationSupportsIndirectInputEvents = YES;
				INFOPLIST_KEY_UILaunchStoryboardName = LaunchScreen;
				INFOPLIST_KEY_UIMainStoryboardFile = Main;
				INFOPLIST_KEY_UISupportedInterfaceOrientations_iPad = "UIInterfaceOrientationPortrait UIInterfaceOrientationPortraitUpsideDown UIInterfaceOrientationLandscapeLeft UIInterfaceOrientationLandscapeRight";
				INFOPLIST_KEY_UISupportedInterfaceOrientations_iPhone = "UIInterfaceOrientationPortrait UIInterfaceOrientationLandscapeLeft UIInterfaceOrientationLandscapeRight";
				LD_RUNPATH_SEARCH_PATHS = (
					"$(inherited)",
					"@executable_path/Frameworks",
				);
				MARKETING_VERSION = 1.0;
				PRODUCT_BUNDLE_IDENTIFIER = com.surajky.Xylophone;
				PRODUCT_NAME = "$(TARGET_NAME)";
				SWIFT_EMIT_LOC_STRINGS = YES;
				SWIFT_VERSION = 5.0;
				TARGETED_DEVICE_FAMILY = "1,2";
			};
			name = Release;
		};
/* End XCBuildConfiguration section */

/* Begin XCConfigurationList section */
		70DC60602AD50CA3003A21F9 /* Build configuration list for PBXProject "Xylophone" */ = {
			isa = XCConfigurationList;
			buildConfigurations = (
				70DC60772AD50CAA003A21F9 /* Debug */,
				70DC60782AD50CAA003A21F9 /* Release */,
			);
			defaultConfigurationIsVisible = 0;
			defaultConfigurationName = Release;
		};
		70DC60792AD50CAA003A21F9 /* Build configuration list for PBXNativeTarget "Xylophone" */ = {
			isa = XCConfigurationList;
			buildConfigurations = (
				70DC607A2AD50CAA003A21F9 /* Debug */,
				70DC607B2AD50CAA003A21F9 /* Release */,
			);
			defaultConfigurationIsVisible = 0;
			defaultConfigurationName = Release;
		};
/* End XCConfigurationList section */
	};
	rootObject = 70DC605D2AD50CA3003A21F9 /* Project object */;
}
